
Microsoft Visual Studio Solution File, Format Version 12.00
# Visual Studio Version 17
VisualStudioVersion = 17.7.34009.444
MinimumVisualStudioVersion = 10.0.40219.1
Project("{FAE04EC0-301F-11D3-BF4B-00C04F79EFBC}") = "ShopTB", "ShopTB\ShopTB.csproj", "{648DC8DE-298F-471F-8D01-4201D8696842}"
EndProject
Global
	GlobalSection(SolutionConfigurationPlatforms) = preSolution
		Debug|Any CPU = Debug|Any CPU
		Release|Any CPU = Release|Any CPU
	EndGlobalSection
	GlobalSection(ProjectConfigurationPlatforms) = postSolution
		{648DC8DE-298F-471F-8D01-4201D8696842}.Debug|Any CPU.ActiveCfg = Debug|Any CPU
		{648DC8DE-298F-471F-8D01-4201D8696842}.Debug|Any CPU.Build.0 = Debug|Any CPU
		{648DC8DE-298F-471F-8D01-4201D8696842}.Release|Any CPU.ActiveCfg = Release|Any CPU
		{648DC8DE-298F-471F-8D01-4201D8696842}.Release|Any CPU.Build.0 = Release|Any CPU
	EndGlobalSection
	GlobalSection(SolutionProperties) = preSolution
		HideSolutionNode = FALSE
	EndGlobalSection
	GlobalSection(ExtensibilityGlobals) = postSolution
		SolutionGuid = {6DBA8D65-19DE-4E91-9B68-1ACAC17D44A3}
	EndGlobalSection
EndGlobal
